
Microsoft Visual Studio Solution File, Format Version 12.00
# Visual Studio Version 17
VisualStudioVersion = 17.1.32210.238
MinimumVisualStudioVersion = 10.0.40219.1
Project("{9A19103F-16F7-4668-BE54-9A1E7A4F7556}") = "GibddApp.ConsoleClient", "GibddApp.ConsoleClient\GibddApp.ConsoleClient.csproj", "{A654F2AE-3975-49B8-920E-A1297F426A4E}"
EndProject
Project("{9A19103F-16F7-4668-BE54-9A1E7A4F7556}") = "GibddApp.Core", "GibddApp.Core\GibddApp.Core.csproj", "{F7C7869F-D7F1-483A-B67F-C9F0A212FE6A}"
EndProject
Project("{9A19103F-16F7-4668-BE54-9A1E7A4F7556}") = "GibddApp.Tests", "GibddApp.Tests\GibddApp.Tests.csproj", "{8A960256-97E2-4C98-BD6B-01C47023ECC9}"
EndProject
Project("{FAE04EC0-301F-11D3-BF4B-00C04F79EFBC}") = "GibddApp.DataService", "GibddApp.DataService\GibddApp.DataService.csproj", "{FC799FF5-61B2-43EF-82E4-4D929C766A47}"
EndProject
Project("{FAE04EC0-301F-11D3-BF4B-00C04F79EFBC}") = "GibddApp.API", "GibddApp.API\GibddApp.API.csproj", "{EAD7B02C-F4CB-43D2-A07E-753D0793A700}"
EndProject
Global
	GlobalSection(SolutionConfigurationPlatforms) = preSolution
		Debug|Any CPU = Debug|Any CPU
		Release|Any CPU = Release|Any CPU
	EndGlobalSection
	GlobalSection(ProjectConfigurationPlatforms) = postSolution
		{A654F2AE-3975-49B8-920E-A1297F426A4E}.Debug|Any CPU.ActiveCfg = Debug|Any CPU
		{A654F2AE-3975-49B8-920E-A1297F426A4E}.Debug|Any CPU.Build.0 = Debug|Any CPU
		{A654F2AE-3975-49B8-920E-A1297F426A4E}.Release|Any CPU.ActiveCfg = Release|Any CPU
		{A654F2AE-3975-49B8-920E-A1297F426A4E}.Release|Any CPU.Build.0 = Release|Any CPU
		{F7C7869F-D7F1-483A-B67F-C9F0A212FE6A}.Debug|Any CPU.ActiveCfg = Debug|Any CPU
		{F7C7869F-D7F1-483A-B67F-C9F0A212FE6A}.Debug|Any CPU.Build.0 = Debug|Any CPU
		{F7C7869F-D7F1-483A-B67F-C9F0A212FE6A}.Release|Any CPU.ActiveCfg = Release|Any CPU
		{F7C7869F-D7F1-483A-B67F-C9F0A212FE6A}.Release|Any CPU.Build.0 = Release|Any CPU
		{8A960256-97E2-4C98-BD6B-01C47023ECC9}.Debug|Any CPU.ActiveCfg = Debug|Any CPU
		{8A960256-97E2-4C98-BD6B-01C47023ECC9}.Debug|Any CPU.Build.0 = Debug|Any CPU
		{8A960256-97E2-4C98-BD6B-01C47023ECC9}.Release|Any CPU.ActiveCfg = Release|Any CPU
		{8A960256-97E2-4C98-BD6B-01C47023ECC9}.Release|Any CPU.Build.0 = Release|Any CPU
		{FC799FF5-61B2-43EF-82E4-4D929C766A47}.Debug|Any CPU.ActiveCfg = Debug|Any CPU
		{FC799FF5-61B2-43EF-82E4-4D929C766A47}.Debug|Any CPU.Build.0 = Debug|Any CPU
		{FC799FF5-61B2-43EF-82E4-4D929C766A47}.Release|Any CPU.ActiveCfg = Release|Any CPU
		{FC799FF5-61B2-43EF-82E4-4D929C766A47}.Release|Any CPU.Build.0 = Release|Any CPU
		{EAD7B02C-F4CB-43D2-A07E-753D0793A700}.Debug|Any CPU.ActiveCfg = Debug|Any CPU
		{EAD7B02C-F4CB-43D2-A07E-753D0793A700}.Debug|Any CPU.Build.0 = Debug|Any CPU
		{EAD7B02C-F4CB-43D2-A07E-753D0793A700}.Release|Any CPU.ActiveCfg = Release|Any CPU
		{EAD7B02C-F4CB-43D2-A07E-753D0793A700}.Release|Any CPU.Build.0 = Release|Any CPU
	EndGlobalSection
	GlobalSection(SolutionProperties) = preSolution
		HideSolutionNode = FALSE
	EndGlobalSection
	GlobalSection(ExtensibilityGlobals) = postSolution
		SolutionGuid = {D5C70A4B-C051-4F03-9791-C7DA26BA58F9}
	EndGlobalSection
EndGlobal
